
Microsoft Visual Studio Solution File, Format Version 12.00
# Visual Studio Version 17
VisualStudioVersion = 17.9.34728.123
MinimumVisualStudioVersion = 10.0.40219.1
Project("{FAE04EC0-301F-11D3-BF4B-00C04F79EFBC}") = "pmejiaT1", "pmejiaT1.csproj", "{6A5012BA-9584-4115-B279-40F9A9BFD9CB}"
EndProject
Global
	GlobalSection(SolutionConfigurationPlatforms) = preSolution
		Debug|Any CPU = Debug|Any CPU
		Release|Any CPU = Release|Any CPU
	EndGlobalSection
	GlobalSection(ProjectConfigurationPlatforms) = postSolution
		{6A5012BA-9584-4115-B279-40F9A9BFD9CB}.Debug|Any CPU.ActiveCfg = Debug|Any CPU
		{6A5012BA-9584-4115-B279-40F9A9BFD9CB}.Debug|Any CPU.Build.0 = Debug|Any CPU
		{6A5012BA-9584-4115-B279-40F9A9BFD9CB}.Debug|Any CPU.Deploy.0 = Debug|Any CPU
		{6A5012BA-9584-4115-B279-40F9A9BFD9CB}.Release|Any CPU.ActiveCfg = Release|Any CPU
		{6A5012BA-9584-4115-B279-40F9A9BFD9CB}.Release|Any CPU.Build.0 = Release|Any CPU
		{6A5012BA-9584-4115-B279-40F9A9BFD9CB}.Release|Any CPU.Deploy.0 = Release|Any CPU
	EndGlobalSection
	GlobalSection(SolutionProperties) = preSolution
		HideSolutionNode = FALSE
	EndGlobalSection
	GlobalSection(ExtensibilityGlobals) = postSolution
		SolutionGuid = {4CC4A952-20C0-4382-A64A-5E347E674782}
	EndGlobalSection
EndGlobal
